{
  "name": "dsh-repo-browser",
  "version": "0.1.0",
  "lockfileVersion": 3,
  "requires": true,
  "packages": {
    "": {
      "name": "dsh-repo-browser",
      "version": "0.1.0",
      "license": "MIT",
      "dependencies": {
        "@deepseek-ai/dsh-credentials": "^0.1.0-rc.6",
        "@deepseek-ai/dsh-home-paths": "^0.1.0-rc.6"
      },
      "peerDependencies": {
        "@deepseek-ai/cordis": "^4.0.1-rc.1",
        "@deepseek-ai/dsh-client-locale": "^0.0.1-rc.1",
        "@deepseek-ai/dsh-client-runtime": "^0.0.1-rc.1",
        "@deepseek-ai/dsh-client-ui-conversation": "^0.0.1-rc.1",
        "@deepseek-ai/dsh-client-ui-slots": "^0.0.1-rc.1",
        "react": "^18.2.0"
      }
    },
    "node_modules/@deepseek-ai/dsh-credentials": {
      "version": "0.1.0-rc.8",
      "resolved": "https://registry.npmjs.org/@deepseek-ai/dsh-credentials/-/dsh-credentials-0.1.0-rc.8.tgz",
      "integrity": "sha512-VopOhtUEa/fSmJr3fyKbsEG043kX1oGuBrmELAbkhmuDigl1cN88g0VPb9rMG2/dJ1h08wg+h0RJP+Ex4LjRWw==",
      "license": "MIT",
      "peerDependencies": {
        "@deepseek-ai/cordis": "^4.0.1",
        "@deepseek-ai/dsh-brand": "^0.1.0-rc.8",
        "@deepseek-ai/dsh-invariants": "^0.1.0-rc.8"
      }
    },
    "node_modules/@deepseek-ai/dsh-home-paths": {
      "version": "0.1.0-rc.8",
      "resolved": "https://registry.npmjs.org/@deepseek-ai/dsh-home-paths/-/dsh-home-paths-0.1.0-rc.8.tgz",
      "integrity": "sha512-9cQhH9CZsw7Zi73VnZk7CcuEVA6yR/Ox+7lp3VHq53fFYSPi0RL+kMWmh5XCrZB4U1OM3+PVsWsA5II9tB+t0Q==",
      "license": "MIT",
      "peerDependencies": {
        "@deepseek-ai/cordis": "^4.0.1",
        "@deepseek-ai/dsh-invariants": "^0.1.0-rc.8"
      }
    }
  }
}
